// !$*UTF8*$!
{
	archiveVersion = 1;
	classes = {
	};
	objectVersion = 51;
	objects = {

/* Begin PBXBuildFile section */
		4302708C2500408C00A63AB1 /* Favorite.swift in Sources */ = {isa = PBXBuildFile; fileRef = 4302708B2500408C00A63AB1 /* Favorite.swift */; };
		4302708F250049D000A63AB1 /* DetailViewController.swift in Sources */ = {isa = PBXBuildFile; fileRef = 4302708E250049D000A63AB1 /* DetailViewController.swift */; };
		433639D5252CBB3E00B160B7 /* FavoriteTests.swift in Sources */ = {isa = PBXBuildFile; fileRef = 433639D4252CBB3E00B160B7 /* FavoriteTests.swift */; };
		433639DF252CC0C000B160B7 /* ResultRequest.json in Resources */ = {isa = PBXBuildFile; fileRef = 433639DE252CC0C000B160B7 /* ResultRequest.json */; };
		436062DE24FF1A2A00852D2B /* RecipeWebService.swift in Sources */ = {isa = PBXBuildFile; fileRef = 436062DD24FF1A2A00852D2B /* RecipeWebService.swift */; };
		436889A6252A21D9007A62A2 /* SettingServiceTests.swift in Sources */ = {isa = PBXBuildFile; fileRef = 436889A5252A21D9007A62A2 /* SettingServiceTests.swift */; };
		43827CCB2501764400039B36 /* Recipe.swift in Sources */ = {isa = PBXBuildFile; fileRef = 43827CCA2501764400039B36 /* Recipe.swift */; };
		43879EE124FC72AC00DA5DC8 /* SettingService.swift in Sources */ = {isa = PBXBuildFile; fileRef = 43879EE024FC72AC00DA5DC8 /* SettingService.swift */; };
		43879EE324FC80E400DA5DC8 /* RecipeTableViewController.swift in Sources */ = {isa = PBXBuildFile; fileRef = 43879EE224FC80E400DA5DC8 /* RecipeTableViewController.swift */; };
		43879EE524FC85F600DA5DC8 /* RecipeTableViewCell.swift in Sources */ = {isa = PBXBuildFile; fileRef = 43879EE424FC85F600DA5DC8 /* RecipeTableViewCell.swift */; };
		438FF6BD24FC4BC2001F238B /* AppDelegate.swift in Sources */ = {isa = PBXBuildFile; fileRef = 438FF6BC24FC4BC2001F238B /* AppDelegate.swift */; };
		438FF6BF24FC4BC2001F238B /* SceneDelegate.swift in Sources */ = {isa = PBXBuildFile; fileRef = 438FF6BE24FC4BC2001F238B /* SceneDelegate.swift */; };
		438FF6C124FC4BC2001F238B /* SearchViewController.swift in Sources */ = {isa = PBXBuildFile; fileRef = 438FF6C024FC4BC2001F238B /* SearchViewController.swift */; };
		438FF6C424FC4BC2001F238B /* Main.storyboard in Resources */ = {isa = PBXBuildFile; fileRef = 438FF6C224FC4BC2001F238B /* Main.storyboard */; };
		438FF6C724FC4BC2001F238B /* Reciplease.xcdatamodeld in Sources */ = {isa = PBXBuildFile; fileRef = 438FF6C524FC4BC2001F238B /* Reciplease.xcdatamodeld */; };
		438FF6C924FC4BCB001F238B /* Assets.xcassets in Resources */ = {isa = PBXBuildFile; fileRef = 438FF6C824FC4BCB001F238B /* Assets.xcassets */; };
		438FF6CC24FC4BCB001F238B /* LaunchScreen.storyboard in Resources */ = {isa = PBXBuildFile; fileRef = 438FF6CA24FC4BCB001F238B /* LaunchScreen.storyboard */; };
		43CC76492550A7D900FCEE50 /* CoreDataStack.swift in Sources */ = {isa = PBXBuildFile; fileRef = 43CC76482550A7D900FCEE50 /* CoreDataStack.swift */; };
		43CC764D2550B68700FCEE50 /* FakeCoreDataStack.swift in Sources */ = {isa = PBXBuildFile; fileRef = 43CC764C2550B68700FCEE50 /* FakeCoreDataStack.swift */; };
		FDF2CB0460D41130A3D989EA /* Pods_Reciplease.framework in Frameworks */ = {isa = PBXBuildFile; fileRef = B6A62244109FB62D02EC3209 /* Pods_Reciplease.framework */; };
/* End PBXBuildFile section */

/* Begin PBXContainerItemProxy section */
		43B3AFED250842260075E323 /* PBXContainerItemProxy */ = {
			isa = PBXContainerItemProxy;
			containerPortal = 438FF6B124FC4BC1001F238B /* Project object */;
			proxyType = 1;
			remoteGlobalIDString = 438FF6B824FC4BC2001F238B;
			remoteInfo = Reciplease;
		};
/* End PBXContainerItemProxy section */

/* Begin PBXFileReference section */
		220C1861BEFF9087AB2A5095 /* Pods-Reciplease.release.xcconfig */ = {isa = PBXFileReference; includeInIndex = 1; lastKnownFileType = text.xcconfig; name = "Pods-Reciplease.release.xcconfig"; path = "Target Support Files/Pods-Reciplease/Pods-Reciplease.release.xcconfig"; sourceTree = "<group>"; };
		4302708B2500408C00A63AB1 /* Favorite.swift */ = {isa = PBXFileReference; lastKnownFileType = sourcecode.swift; path = Favorite.swift; sourceTree = "<group>"; };
		4302708E250049D000A63AB1 /* DetailViewController.swift */ = {isa = PBXFileReference; lastKnownFileType = sourcecode.swift; path = DetailViewController.swift; sourceTree = "<group>"; };
		433639D4252CBB3E00B160B7 /* FavoriteTests.swift */ = {isa = PBXFileReference; lastKnownFileType = sourcecode.swift; path = FavoriteTests.swift; sourceTree = "<group>"; };
		433639DE252CC0C000B160B7 /* ResultRequest.json */ = {isa = PBXFileReference; fileEncoding = 4; lastKnownFileType = text.json; path = ResultRequest.json; sourceTree = "<group>"; };
		436062DD24FF1A2A00852D2B /* RecipeWebService.swift */ = {isa = PBXFileReference; lastKnownFileType = sourcecode.swift; path = RecipeWebService.swift; sourceTree = "<group>"; };
		436889A5252A21D9007A62A2 /* SettingServiceTests.swift */ = {isa = PBXFileReference; lastKnownFileType = sourcecode.swift; path = SettingServiceTests.swift; sourceTree = "<group>"; };
		43827CCA2501764400039B36 /* Recipe.swift */ = {isa = PBXFileReference; lastKnownFileType = sourcecode.swift; path = Recipe.swift; sourceTree = "<group>"; };
		43879EE024FC72AC00DA5DC8 /* SettingService.swift */ = {isa = PBXFileReference; lastKnownFileType = sourcecode.swift; path = SettingService.swift; sourceTree = "<group>"; };
		43879EE224FC80E400DA5DC8 /* RecipeTableViewController.swift */ = {isa = PBXFileReference; lastKnownFileType = sourcecode.swift; path = RecipeTableViewController.swift; sourceTree = "<group>"; };
		43879EE424FC85F600DA5DC8 /* RecipeTableViewCell.swift */ = {isa = PBXFileReference; lastKnownFileType = sourcecode.swift; path = RecipeTableViewCell.swift; sourceTree = "<group>"; };
		438FF6B924FC4BC2001F238B /* Reciplease.app */ = {isa = PBXFileReference; explicitFileType = wrapper.application; includeInIndex = 0; path = Reciplease.app; sourceTree = BUILT_PRODUCTS_DIR; };
		438FF6BC24FC4BC2001F238B /* AppDelegate.swift */ = {isa = PBXFileReference; lastKnownFileType = sourcecode.swift; path = AppDelegate.swift; sourceTree = "<group>"; };
		438FF6BE24FC4BC2001F238B /* SceneDelegate.swift */ = {isa = PBXFileReference; lastKnownFileType = sourcecode.swift; path = SceneDelegate.swift; sourceTree = "<group>"; };
		438FF6C024FC4BC2001F238B /* SearchViewController.swift */ = {isa = PBXFileReference; lastKnownFileType = sourcecode.swift; path = SearchViewController.swift; sourceTree = "<group>"; };
		438FF6C324FC4BC2001F238B /* Base */ = {isa = PBXFileReference; lastKnownFileType = file.storyboard; name = Base; path = Base.lproj/Main.storyboard; sourceTree = "<group>"; };
		438FF6C624FC4BC2001F238B /* Reciplease.xcdatamodel */ = {isa = PBXFileReference; lastKnownFileType = wrapper.xcdatamodel; path = Reciplease.xcdatamodel; sourceTree = "<group>"; };
		438FF6C824FC4BCB001F238B /* Assets.xcassets */ = {isa = PBXFileReference; lastKnownFileType = folder.assetcatalog; path = Assets.xcassets; sourceTree = "<group>"; };
		438FF6CB24FC4BCB001F238B /* Base */ = {isa = PBXFileReference; lastKnownFileType = file.storyboard; name = Base; path = Base.lproj/LaunchScreen.storyboard; sourceTree = "<group>"; };
		438FF6CD24FC4BCB001F238B /* Info.plist */ = {isa = PBXFileReference; lastKnownFileType = text.plist.xml; path = Info.plist; sourceTree = "<group>"; };
		43B3AFE8250842260075E323 /* RecipleaseTests.xctest */ = {isa = PBXFileReference; explicitFileType = wrapper.cfbundle; includeInIndex = 0; path = RecipleaseTests.xctest; sourceTree = BUILT_PRODUCTS_DIR; };
		43B3AFEC250842260075E323 /* Info.plist */ = {isa = PBXFileReference; lastKnownFileType = text.plist.xml; path = Info.plist; sourceTree = "<group>"; };
		43CC76482550A7D900FCEE50 /* CoreDataStack.swift */ = {isa = PBXFileReference; lastKnownFileType = sourcecode.swift; path = CoreDataStack.swift; sourceTree = "<group>"; };
		43CC764C2550B68700FCEE50 /* FakeCoreDataStack.swift */ = {isa = PBXFileReference; lastKnownFileType = sourcecode.swift; path = FakeCoreDataStack.swift; sourceTree = "<group>"; };
		B6A62244109FB62D02EC3209 /* Pods_Reciplease.framework */ = {isa = PBXFileReference; explicitFileType = wrapper.framework; includeInIndex = 0; path = Pods_Reciplease.framework; sourceTree = BUILT_PRODUCTS_DIR; };
		D29F5587639DBCC978104BE1 /* Pods-Reciplease.debug.xcconfig */ = {isa = PBXFileReference; includeInIndex = 1; lastKnownFileType = text.xcconfig; name = "Pods-Reciplease.debug.xcconfig"; path = "Target Support Files/Pods-Reciplease/Pods-Reciplease.debug.xcconfig"; sourceTree = "<group>"; };
/* End PBXFileReference section */

/* Begin PBXFrameworksBuildPhase section */
		438FF6B624FC4BC2001F238B /* Frameworks */ = {
			isa = PBXFrameworksBuildPhase;
			buildActionMask = 2147483647;
			files = (
				FDF2CB0460D41130A3D989EA /* Pods_Reciplease.framework in Frameworks */,
			);
			runOnlyForDeploymentPostprocessing = 0;
		};
		43B3AFE5250842260075E323 /* Frameworks */ = {
			isa = PBXFrameworksBuildPhase;
			buildActionMask = 2147483647;
			files = (
			);
			runOnlyForDeploymentPostprocessing = 0;
		};
/* End PBXFrameworksBuildPhase section */

/* Begin PBXGroup section */
		1458F86165F49886C0E9CEC6 /* Pods */ = {
			isa = PBXGroup;
			children = (
				D29F5587639DBCC978104BE1 /* Pods-Reciplease.debug.xcconfig */,
				220C1861BEFF9087AB2A5095 /* Pods-Reciplease.release.xcconfig */,
			);
			path = Pods;
			sourceTree = "<group>";
		};
		4302708D2500488300A63AB1 /* Controller */ = {
			isa = PBXGroup;
			children = (
				438FF6C024FC4BC2001F238B /* SearchViewController.swift */,
				43879EE224FC80E400DA5DC8 /* RecipeTableViewController.swift */,
				4302708E250049D000A63AB1 /* DetailViewController.swift */,
			);
			path = Controller;
			sourceTree = "<group>";
		};
		4359A9CC250085E70012721A /* View */ = {
			isa = PBXGroup;
			children = (
				438FF6C224FC4BC2001F238B /* Main.storyboard */,
				43879EE424FC85F600DA5DC8 /* RecipeTableViewCell.swift */,
			);
			path = View;
			sourceTree = "<group>";
		};
		4359A9CD2500863B0012721A /* Supporting files */ = {
			isa = PBXGroup;
			children = (
				438FF6C824FC4BCB001F238B /* Assets.xcassets */,
				438FF6BC24FC4BC2001F238B /* AppDelegate.swift */,
				43CC76482550A7D900FCEE50 /* CoreDataStack.swift */,
				438FF6BE24FC4BC2001F238B /* SceneDelegate.swift */,
				438FF6CA24FC4BCB001F238B /* LaunchScreen.storyboard */,
				438FF6CD24FC4BCB001F238B /* Info.plist */,
			);
			path = "Supporting files";
			sourceTree = "<group>";
		};
		436062DF24FF3C4400852D2B /* Model */ = {
			isa = PBXGroup;
			children = (
				4302708B2500408C00A63AB1 /* Favorite.swift */,
				43827CCA2501764400039B36 /* Recipe.swift */,
				436062DD24FF1A2A00852D2B /* RecipeWebService.swift */,
				43879EE024FC72AC00DA5DC8 /* SettingService.swift */,
				438FF6C524FC4BC2001F238B /* Reciplease.xcdatamodeld */,
			);
			path = Model;
			sourceTree = "<group>";
		};
		438FF6B024FC4BC1001F238B = {
			isa = PBXGroup;
			children = (
				438FF6BB24FC4BC2001F238B /* Reciplease */,
				43B3AFE9250842260075E323 /* RecipleaseTests */,
				438FF6BA24FC4BC2001F238B /* Products */,
				1458F86165F49886C0E9CEC6 /* Pods */,
				5A194DB3B17D0798E1D5D748 /* Frameworks */,
			);
			sourceTree = "<group>";
		};
		438FF6BA24FC4BC2001F238B /* Products */ = {
			isa = PBXGroup;
			children = (
				438FF6B924FC4BC2001F238B /* Reciplease.app */,
				43B3AFE8250842260075E323 /* RecipleaseTests.xctest */,
			);
			name = Products;
			sourceTree = "<group>";
		};
		438FF6BB24FC4BC2001F238B /* Reciplease */ = {
			isa = PBXGroup;
			children = (
				4302708D2500488300A63AB1 /* Controller */,
				436062DF24FF3C4400852D2B /* Model */,
				4359A9CC250085E70012721A /* View */,
				4359A9CD2500863B0012721A /* Supporting files */,
			);
			path = Reciplease;
			sourceTree = "<group>";
		};
		43B3AFE9250842260075E323 /* RecipleaseTests */ = {
			isa = PBXGroup;
			children = (
				436889A5252A21D9007A62A2 /* SettingServiceTests.swift */,
				433639D4252CBB3E00B160B7 /* FavoriteTests.swift */,
				43CC764C2550B68700FCEE50 /* FakeCoreDataStack.swift */,
				433639DE252CC0C000B160B7 /* ResultRequest.json */,
				43B3AFEC250842260075E323 /* Info.plist */,
			);
			path = RecipleaseTests;
			sourceTree = "<group>";
		};
		5A194DB3B17D0798E1D5D748 /* Frameworks */ = {
			isa = PBXGroup;
			children = (
				B6A62244109FB62D02EC3209 /* Pods_Reciplease.framework */,
			);
			name = Frameworks;
			sourceTree = "<group>";
		};
/* End PBXGroup section */

/* Begin PBXNativeTarget section */
		438FF6B824FC4BC2001F238B /* Reciplease */ = {
			isa = PBXNativeTarget;
			buildConfigurationList = 438FF6D024FC4BCB001F238B /* Build configuration list for PBXNativeTarget "Reciplease" */;
			buildPhases = (
				F4669FEF1D52EE927EA77B0F /* [CP] Check Pods Manifest.lock */,
				438FF6B524FC4BC2001F238B /* Sources */,
				438FF6B624FC4BC2001F238B /* Frameworks */,
				438FF6B724FC4BC2001F238B /* Resources */,
				33CFE2E4FAD9BE2403CB64A8 /* [CP] Embed Pods Frameworks */,
			);
			buildRules = (
			);
			dependencies = (
			);
			name = Reciplease;
			productName = Reciplease;
			productReference = 438FF6B924FC4BC2001F238B /* Reciplease.app */;
			productType = "com.apple.product-type.application";
		};
		43B3AFE7250842260075E323 /* RecipleaseTests */ = {
			isa = PBXNativeTarget;
			buildConfigurationList = 43B3AFEF250842260075E323 /* Build configuration list for PBXNativeTarget "RecipleaseTests" */;
			buildPhases = (
				43B3AFE4250842260075E323 /* Sources */,
				43B3AFE5250842260075E323 /* Frameworks */,
				43B3AFE6250842260075E323 /* Resources */,
			);
			buildRules = (
			);
			dependencies = (
				43B3AFEE250842260075E323 /* PBXTargetDependency */,
			);
			name = RecipleaseTests;
			productName = RecipleaseTests;
			productReference = 43B3AFE8250842260075E323 /* RecipleaseTests.xctest */;
			productType = "com.apple.product-type.bundle.unit-test";
		};
/* End PBXNativeTarget section */

/* Begin PBXProject section */
		438FF6B124FC4BC1001F238B /* Project object */ = {
			isa = PBXProject;
			attributes = {
				LastSwiftUpdateCheck = 1170;
				LastUpgradeCheck = 1200;
				ORGANIZATIONNAME = "Ludovic HENRY";
				TargetAttributes = {
					438FF6B824FC4BC2001F238B = {
						CreatedOnToolsVersion = 11.6;
					};
					43B3AFE7250842260075E323 = {
						CreatedOnToolsVersion = 11.7;
						TestTargetID = 438FF6B824FC4BC2001F238B;
					};
				};
			};
			buildConfigurationList = 438FF6B424FC4BC1001F238B /* Build configuration list for PBXProject "Reciplease" */;
			compatibilityVersion = "Xcode 9.3";
			developmentRegion = en;
			hasScannedForEncodings = 0;
			knownRegions = (
				en,
				Base,
			);
			mainGroup = 438FF6B024FC4BC1001F238B;
			productRefGroup = 438FF6BA24FC4BC2001F238B /* Products */;
			projectDirPath = "";
			projectRoot = "";
			targets = (
				438FF6B824FC4BC2001F238B /* Reciplease */,
				43B3AFE7250842260075E323 /* RecipleaseTests */,
			);
		};
/* End PBXProject section */

/* Begin PBXResourcesBuildPhase section */
		438FF6B724FC4BC2001F238B /* Resources */ = {
			isa = PBXResourcesBuildPhase;
			buildActionMask = 2147483647;
			files = (
				438FF6CC24FC4BCB001F238B /* LaunchScreen.storyboard in Resources */,
				438FF6C924FC4BCB001F238B /* Assets.xcassets in Resources */,
				438FF6C424FC4BC2001F238B /* Main.storyboard in Resources */,
			);
			runOnlyForDeploymentPostprocessing = 0;
		};
		43B3AFE6250842260075E323 /* Resources */ = {
			isa = PBXResourcesBuildPhase;
			buildActionMask = 2147483647;
			files = (
				433639DF252CC0C000B160B7 /* ResultRequest.json in Resources */,
			);
			runOnlyForDeploymentPostprocessing = 0;
		};
/* End PBXResourcesBuildPhase section */

/* Begin PBXShellScriptBuildPhase section */
		33CFE2E4FAD9BE2403CB64A8 /* [CP] Embed Pods Frameworks */ = {
			isa = PBXShellScriptBuildPhase;
			buildActionMask = 2147483647;
			files = (
			);
			inputFileListPaths = (
				"${PODS_ROOT}/Target Support Files/Pods-Reciplease/Pods-Reciplease-frameworks-${CONFIGURATION}-input-files.xcfilelist",
			);
			name = "[CP] Embed Pods Frameworks";
			outputFileListPaths = (
				"${PODS_ROOT}/Target Support Files/Pods-Reciplease/Pods-Reciplease-frameworks-${CONFIGURATION}-output-files.xcfilelist",
			);
			runOnlyForDeploymentPostprocessing = 0;
			shellPath = /bin/sh;
			shellScript = "\"${PODS_ROOT}/Target Support Files/Pods-Reciplease/Pods-Reciplease-frameworks.sh\"\n";
			showEnvVarsInLog = 0;
		};
		F4669FEF1D52EE927EA77B0F /* [CP] Check Pods Manifest.lock */ = {
			isa = PBXShellScriptBuildPhase;
			buildActionMask = 2147483647;
			files = (
			);
			inputFileListPaths = (
			);
			inputPaths = (
				"${PODS_PODFILE_DIR_PATH}/Podfile.lock",
				"${PODS_ROOT}/Manifest.lock",
			);
			name = "[CP] Check Pods Manifest.lock";
			outputFileListPaths = (
			);
			outputPaths = (
				"$(DERIVED_FILE_DIR)/Pods-Reciplease-checkManifestLockResult.txt",
			);
			runOnlyForDeploymentPostprocessing = 0;
			shellPath = /bin/sh;
			shellScript = "diff \"${PODS_PODFILE_DIR_PATH}/Podfile.lock\" \"${PODS_ROOT}/Manifest.lock\" > /dev/null\nif [ $? != 0 ] ; then\n    # print error to STDERR\n    echo \"error: The sandbox is not in sync with the Podfile.lock. Run 'pod install' or update your CocoaPods installation.\" >&2\n    exit 1\nfi\n# This output is used by Xcode 'outputs' to avoid re-running this script phase.\necho \"SUCCESS\" > \"${SCRIPT_OUTPUT_FILE_0}\"\n";
			showEnvVarsInLog = 0;
		};
/* End PBXShellScriptBuildPhase section */

/* Begin PBXSourcesBuildPhase section */
		438FF6B524FC4BC2001F238B /* Sources */ = {
			isa = PBXSourcesBuildPhase;
			buildActionMask = 2147483647;
			files = (
				436062DE24FF1A2A00852D2B /* RecipeWebService.swift in Sources */,
				438FF6C724FC4BC2001F238B /* Reciplease.xcdatamodeld in Sources */,
				438FF6C124FC4BC2001F238B /* SearchViewController.swift in Sources */,
				43CC76492550A7D900FCEE50 /* CoreDataStack.swift in Sources */,
				4302708F250049D000A63AB1 /* DetailViewController.swift in Sources */,
				43879EE324FC80E400DA5DC8 /* RecipeTableViewController.swift in Sources */,
				43879EE524FC85F600DA5DC8 /* RecipeTableViewCell.swift in Sources */,
				438FF6BD24FC4BC2001F238B /* AppDelegate.swift in Sources */,
				4302708C2500408C00A63AB1 /* Favorite.swift in Sources */,
				43879EE124FC72AC00DA5DC8 /* SettingService.swift in Sources */,
				438FF6BF24FC4BC2001F238B /* SceneDelegate.swift in Sources */,
				43827CCB2501764400039B36 /* Recipe.swift in Sources */,
			);
			runOnlyForDeploymentPostprocessing = 0;
		};
		43B3AFE4250842260075E323 /* Sources */ = {
			isa = PBXSourcesBuildPhase;
			buildActionMask = 2147483647;
			files = (
				436889A6252A21D9007A62A2 /* SettingServiceTests.swift in Sources */,
				433639D5252CBB3E00B160B7 /* FavoriteTests.swift in Sources */,
				43CC764D2550B68700FCEE50 /* FakeCoreDataStack.swift in Sources */,
			);
			runOnlyForDeploymentPostprocessing = 0;
		};
/* End PBXSourcesBuildPhase section */

/* Begin PBXTargetDependency section */
		43B3AFEE250842260075E323 /* PBXTargetDependency */ = {
			isa = PBXTargetDependency;
			target = 438FF6B824FC4BC2001F238B /* Reciplease */;
			targetProxy = 43B3AFED250842260075E323 /* PBXContainerItemProxy */;
		};
/* End PBXTargetDependency section */

/* Begin PBXVariantGroup section */
		438FF6C224FC4BC2001F238B /* Main.storyboard */ = {
			isa = PBXVariantGroup;
			children = (
				438FF6C324FC4BC2001F238B /* Base */,
			);
			name = Main.storyboard;
			sourceTree = "<group>";
		};
		438FF6CA24FC4BCB001F238B /* LaunchScreen.storyboard */ = {
			isa = PBXVariantGroup;
			children = (
				438FF6CB24FC4BCB001F238B /* Base */,
			);
			name = LaunchScreen.storyboard;
			sourceTree = "<group>";
		};
/* End PBXVariantGroup section */

/* Begin XCBuildConfiguration section */
		438FF6CE24FC4BCB001F238B /* Debug */ = {
			isa = XCBuildConfiguration;
			buildSettings = {
				ALWAYS_SEARCH_USER_PATHS = NO;
				CLANG_ANALYZER_NONNULL = YES;
				CLANG_ANALYZER_NUMBER_OBJECT_CONVERSION = YES_AGGRESSIVE;
				CLANG_CXX_LANGUAGE_STANDARD = "gnu++14";
				CLANG_CXX_LIBRARY = "libc++";
				CLANG_ENABLE_MODULES = YES;
				CLANG_ENABLE_OBJC_ARC = YES;
				CLANG_ENABLE_OBJC_WEAK = YES;
				CLANG_WARN_BLOCK_CAPTURE_AUTORELEASING = YES;
				CLANG_WARN_BOOL_CONVERSION = YES;
				CLANG_WARN_COMMA = YES;
				CLANG_WARN_CONSTANT_CONVERSION = YES;
				CLANG_WARN_DEPRECATED_OBJC_IMPLEMENTATIONS = YES;
				CLANG_WARN_DIRECT_OBJC_ISA_USAGE = YES_ERROR;
				CLANG_WARN_DOCUMENTATION_COMMENTS = YES;
				CLANG_WARN_EMPTY_BODY = YES;
				CLANG_WARN_ENUM_CONVERSION = YES;
				CLANG_WARN_INFINITE_RECURSION = YES;
				CLANG_WARN_INT_CONVERSION = YES;
				CLANG_WARN_NON_LITERAL_NULL_CONVERSION = YES;
				CLANG_WARN_OBJC_IMPLICIT_RETAIN_SELF = YES;
				CLANG_WARN_OBJC_LITERAL_CONVERSION = YES;
				CLANG_WARN_OBJC_ROOT_CLASS = YES_ERROR;
				CLANG_WARN_QUOTED_INCLUDE_IN_FRAMEWORK_HEADER = YES;
				CLANG_WARN_RANGE_LOOP_ANALYSIS = YES;
				CLANG_WARN_STRICT_PROTOTYPES = YES;
				CLANG_WARN_SUSPICIOUS_MOVE = YES;
				CLANG_WARN_UNGUARDED_AVAILABILITY = YES_AGGRESSIVE;
				CLANG_WARN_UNREACHABLE_CODE = YES;
				CLANG_WARN__DUPLICATE_METHOD_MATCH = YES;
				COPY_PHASE_STRIP = NO;
				DEBUG_INFORMATION_FORMAT = dwarf;
				ENABLE_STRICT_OBJC_MSGSEND = YES;
				ENABLE_TESTABILITY = YES;
				GCC_C_LANGUAGE_STANDARD = gnu11;
				GCC_DYNAMIC_NO_PIC = NO;
				GCC_NO_COMMON_BLOCKS = YES;
				GCC_OPTIMIZATION_LEVEL = 0;
				GCC_PREPROCESSOR_DEFINITIONS = (
					"DEBUG=1",
					"$(inherited)",
				);
				GCC_WARN_64_TO_32_BIT_CONVERSION = YES;
				GCC_WARN_ABOUT_RETURN_TYPE = YES_ERROR;
				GCC_WARN_UNDECLARED_SELECTOR = YES;
				GCC_WARN_UNINITIALIZED_AUTOS = YES_AGGRESSIVE;
				GCC_WARN_UNUSED_FUNCTION = YES;
				GCC_WARN_UNUSED_VARIABLE = YES;
				IPHONEOS_DEPLOYMENT_TARGET = 13.6;
				MTL_ENABLE_DEBUG_INFO = INCLUDE_SOURCE;
				MTL_FAST_MATH = YES;
				ONLY_ACTIVE_ARCH = YES;
				SDKROOT = iphoneos;
				SWIFT_ACTIVE_COMPILATION_CONDITIONS = DEBUG;
				SWIFT_OPTIMIZATION_LEVEL = "-Onone";
			};
			name = Debug;
		};
		438FF6CF24FC4BCB001F238B /* Release */ = {
			isa = XCBuildConfiguration;
			buildSettings = {
				ALWAYS_SEARCH_USER_PATHS = NO;
				CLANG_ANALYZER_NONNULL = YES;
				CLANG_ANALYZER_NUMBER_OBJECT_CONVERSION = YES_AGGRESSIVE;
				CLANG_CXX_LANGUAGE_STANDARD = "gnu++14";
				CLANG_CXX_LIBRARY = "libc++";
				CLANG_ENABLE_MODULES = YES;
				CLANG_ENABLE_OBJC_ARC = YES;
				CLANG_ENABLE_OBJC_WEAK = YES;
				CLANG_WARN_BLOCK_CAPTURE_AUTORELEASING = YES;
				CLANG_WARN_BOOL_CONVERSION = YES;
				CLANG_WARN_COMMA = YES;
				CLANG_WARN_CONSTANT_CONVERSION = YES;
				CLANG_WARN_DEPRECATED_OBJC_IMPLEMENTATIONS = YES;
				CLANG_WARN_DIRECT_OBJC_ISA_USAGE = YES_ERROR;
				CLANG_WARN_DOCUMENTATION_COMMENTS = YES;
				CLANG_WARN_EMPTY_BODY = YES;
				CLANG_WARN_ENUM_CONVERSION = YES;
				CLANG_WARN_INFINITE_RECURSION = YES;
				CLANG_WARN_INT_CONVERSION = YES;
				CLANG_WARN_NON_LITERAL_NULL_CONVERSION = YES;
				CLANG_WARN_OBJC_IMPLICIT_RETAIN_SELF = YES;
				CLANG_WARN_OBJC_LITERAL_CONVERSION = YES;
				CLANG_WARN_OBJC_ROOT_CLASS = YES_ERROR;
				CLANG_WARN_QUOTED_INCLUDE_IN_FRAMEWORK_HEADER = YES;
				CLANG_WARN_RANGE_LOOP_ANALYSIS = YES;
				CLANG_WARN_STRICT_PROTOTYPES = YES;
				CLANG_WARN_SUSPICIOUS_MOVE = YES;
				CLANG_WARN_UNGUARDED_AVAILABILITY = YES_AGGRESSIVE;
				CLANG_WARN_UNREACHABLE_CODE = YES;
				CLANG_WARN__DUPLICATE_METHOD_MATCH = YES;
				COPY_PHASE_STRIP = NO;
				DEBUG_INFORMATION_FORMAT = "dwarf-with-dsym";
				ENABLE_NS_ASSERTIONS = NO;
				ENABLE_STRICT_OBJC_MSGSEND = YES;
				GCC_C_LANGUAGE_STANDARD = gnu11;
				GCC_NO_COMMON_BLOCKS = YES;
				GCC_WARN_64_TO_32_BIT_CONVERSION = YES;
				GCC_WARN_ABOUT_RETURN_TYPE = YES_ERROR;
				GCC_WARN_UNDECLARED_SELECTOR = YES;
				GCC_WARN_UNINITIALIZED_AUTOS = YES_AGGRESSIVE;
				GCC_WARN_UNUSED_FUNCTION = YES;
				GCC_WARN_UNUSED_VARIABLE = YES;
				IPHONEOS_DEPLOYMENT_TARGET = 13.6;
				MTL_ENABLE_DEBUG_INFO = NO;
				MTL_FAST_MATH = YES;
				SDKROOT = iphoneos;
				SWIFT_COMPILATION_MODE = wholemodule;
				SWIFT_OPTIMIZATION_LEVEL = "-O";
				VALIDATE_PRODUCT = YES;
			};
			name = Release;
		};
		438FF6D124FC4BCB001F238B /* Debug */ = {
			isa = XCBuildConfiguration;
			baseConfigurationReference = D29F5587639DBCC978104BE1 /* Pods-Reciplease.debug.xcconfig */;
			buildSettings = {
				ASSETCATALOG_COMPILER_APPICON_NAME = AppIcon;
				CODE_SIGN_STYLE = Automatic;
				DEVELOPMENT_TEAM = W8A2PVHCN3;
				INFOPLIST_FILE = "Reciplease/Supporting files/Info.plist";
				LD_RUNPATH_SEARCH_PATHS = (
					"$(inherited)",
					"@executable_path/Frameworks",
				);
				PRODUCT_BUNDLE_IDENTIFIER = com.ludovichenry.Reciplease;
				PRODUCT_NAME = "$(TARGET_NAME)";
				SWIFT_VERSION = 5.0;
				TARGETED_DEVICE_FAMILY = 1;
			};
			name = Debug;
		};
		438FF6D224FC4BCB001F238B /* Release */ = {
			isa = XCBuildConfiguration;
			baseConfigurationReference = 220C1861BEFF9087AB2A5095 /* Pods-Reciplease.release.xcconfig */;
			buildSettings = {
				ASSETCATALOG_COMPILER_APPICON_NAME = AppIcon;
				CODE_SIGN_STYLE = Automatic;
				DEVELOPMENT_TEAM = W8A2PVHCN3;
				INFOPLIST_FILE = "Reciplease/Supporting files/Info.plist";
				LD_RUNPATH_SEARCH_PATHS = (
					"$(inherited)",
					"@executable_path/Frameworks",
				);
				PRODUCT_BUNDLE_IDENTIFIER = com.ludovichenry.Reciplease;
				PRODUCT_NAME = "$(TARGET_NAME)";
				SWIFT_VERSION = 5.0;
				TARGETED_DEVICE_FAMILY = 1;
			};
			name = Release;
		};
		43B3AFF0250842260075E323 /* Debug */ = {
			isa = XCBuildConfiguration;
			buildSettings = {
				BUNDLE_LOADER = "$(TEST_HOST)";
				CODE_SIGN_STYLE = Automatic;
				DEVELOPMENT_TEAM = W8A2PVHCN3;
				INFOPLIST_FILE = RecipleaseTests/Info.plist;
				IPHONEOS_DEPLOYMENT_TARGET = 13.7;
				LD_RUNPATH_SEARCH_PATHS = (
					"$(inherited)",
					"@executable_path/Frameworks",
					"@loader_path/Frameworks",
				);
				PRODUCT_BUNDLE_IDENTIFIER = com.ludovichenry.RecipleaseTests;
				PRODUCT_NAME = "$(TARGET_NAME)";
				SWIFT_VERSION = 5.0;
				TARGETED_DEVICE_FAMILY = "1,2";
				TEST_HOST = "$(BUILT_PRODUCTS_DIR)/Reciplease.app/Reciplease";
			};
			name = Debug;
		};
		43B3AFF1250842260075E323 /* Release */ = {
			isa = XCBuildConfiguration;
			buildSettings = {
				BUNDLE_LOADER = "$(TEST_HOST)";
				CODE_SIGN_STYLE = Automatic;
				DEVELOPMENT_TEAM = W8A2PVHCN3;
				INFOPLIST_FILE = RecipleaseTests/Info.plist;
				IPHONEOS_DEPLOYMENT_TARGET = 13.7;
				LD_RUNPATH_SEARCH_PATHS = (
					"$(inherited)",
					"@executable_path/Frameworks",
					"@loader_path/Frameworks",
				);
				PRODUCT_BUNDLE_IDENTIFIER = com.ludovichenry.RecipleaseTests;
				PRODUCT_NAME = "$(TARGET_NAME)";
				SWIFT_VERSION = 5.0;
				TARGETED_DEVICE_FAMILY = "1,2";
				TEST_HOST = "$(BUILT_PRODUCTS_DIR)/Reciplease.app/Reciplease";
			};
			name = Release;
		};
/* End XCBuildConfiguration section */

/* Begin XCConfigurationList section */
		438FF6B424FC4BC1001F238B /* Build configuration list for PBXProject "Reciplease" */ = {
			isa = XCConfigurationList;
			buildConfigurations = (
				438FF6CE24FC4BCB001F238B /* Debug */,
				438FF6CF24FC4BCB001F238B /* Release */,
			);
			defaultConfigurationIsVisible = 0;
			defaultConfigurationName = Release;
		};
		438FF6D024FC4BCB001F238B /* Build configuration list for PBXNativeTarget "Reciplease" */ = {
			isa = XCConfigurationList;
			buildConfigurations = (
				438FF6D124FC4BCB001F238B /* Debug */,
				438FF6D224FC4BCB001F238B /* Release */,
			);
			defaultConfigurationIsVisible = 0;
			defaultConfigurationName = Release;
		};
		43B3AFEF250842260075E323 /* Build configuration list for PBXNativeTarget "RecipleaseTests" */ = {
			isa = XCConfigurationList;
			buildConfigurations = (
				43B3AFF0250842260075E323 /* Debug */,
				43B3AFF1250842260075E323 /* Release */,
			);
			defaultConfigurationIsVisible = 0;
			defaultConfigurationName = Release;
		};
/* End XCConfigurationList section */

/* Begin XCVersionGroup section */
		438FF6C524FC4BC2001F238B /* Reciplease.xcdatamodeld */ = {
			isa = XCVersionGroup;
			children = (
				438FF6C624FC4BC2001F238B /* Reciplease.xcdatamodel */,
			);
			currentVersion = 438FF6C624FC4BC2001F238B /* Reciplease.xcdatamodel */;
			path = Reciplease.xcdatamodeld;
			sourceTree = "<group>";
			versionGroupType = wrapper.xcdatamodel;
		};
/* End XCVersionGroup section */
	};
	rootObject = 438FF6B124FC4BC1001F238B /* Project object */;
}
