// !$*UTF8*$!
{
	archiveVersion = 1;
	classes = {
	};
	objectVersion = 50;
	objects = {

/* Begin PBXBuildFile section */
		43879EE124FC72AC00DA5DC8 /* SettingService.swift in Sources */ = {isa = PBXBuildFile; fileRef = 43879EE024FC72AC00DA5DC8 /* SettingService.swift */; };
		438FF6BD24FC4BC2001F238B /* AppDelegate.swift in Sources */ = {isa = PBXBuildFile; fileRef = 438FF6BC24FC4BC2001F238B /* AppDelegate.swift */; };
		438FF6BF24FC4BC2001F238B /* SceneDelegate.swift in Sources */ = {isa = PBXBuildFile; fileRef = 438FF6BE24FC4BC2001F238B /* SceneDelegate.swift */; };
		438FF6C124FC4BC2001F238B /* SearchViewController.swift in Sources */ = {isa = PBXBuildFile; fileRef = 438FF6C024FC4BC2001F238B /* SearchViewController.swift */; };
		438FF6C424FC4BC2001F238B /* Main.storyboard in Resources */ = {isa = PBXBuildFile; fileRef = 438FF6C224FC4BC2001F238B /* Main.storyboard */; };
		438FF6C724FC4BC2001F238B /* Reciplease.xcdatamodeld in Sources */ = {isa = PBXBuildFile; fileRef = 438FF6C524FC4BC2001F238B /* Reciplease.xcdatamodeld */; };
		438FF6C924FC4BCB001F238B /* Assets.xcassets in Resources */ = {isa = PBXBuildFile; fileRef = 438FF6C824FC4BCB001F238B /* Assets.xcassets */; };
		438FF6CC24FC4BCB001F238B /* LaunchScreen.storyboard in Resources */ = {isa = PBXBuildFile; fileRef = 438FF6CA24FC4BCB001F238B /* LaunchScreen.storyboard */; };
/* End PBXBuildFile section */

/* Begin PBXFileReference section */
		43879EE024FC72AC00DA5DC8 /* SettingService.swift */ = {isa = PBXFileReference; lastKnownFileType = sourcecode.swift; path = SettingService.swift; sourceTree = "<group>"; };
		438FF6B924FC4BC2001F238B /* Reciplease.app */ = {isa = PBXFileReference; explicitFileType = wrapper.application; includeInIndex = 0; path = Reciplease.app; sourceTree = BUILT_PRODUCTS_DIR; };
		438FF6BC24FC4BC2001F238B /* AppDelegate.swift */ = {isa = PBXFileReference; lastKnownFileType = sourcecode.swift; path = AppDelegate.swift; sourceTree = "<group>"; };
		438FF6BE24FC4BC2001F238B /* SceneDelegate.swift */ = {isa = PBXFileReference; lastKnownFileType = sourcecode.swift; path = SceneDelegate.swift; sourceTree = "<group>"; };
		438FF6C024FC4BC2001F238B /* SearchViewController.swift */ = {isa = PBXFileReference; lastKnownFileType = sourcecode.swift; path = SearchViewController.swift; sourceTree = "<group>"; };
		438FF6C324FC4BC2001F238B /* Base */ = {isa = PBXFileReference; lastKnownFileType = file.storyboard; name = Base; path = Base.lproj/Main.storyboard; sourceTree = "<group>"; };
		438FF6C624FC4BC2001F238B /* Reciplease.xcdatamodel */ = {isa = PBXFileReference; lastKnownFileType = wrapper.xcdatamodel; path = Reciplease.xcdatamodel; sourceTree = "<group>"; };
		438FF6C824FC4BCB001F238B /* Assets.xcassets */ = {isa = PBXFileReference; lastKnownFileType = folder.assetcatalog; path = Assets.xcassets; sourceTree = "<group>"; };
		438FF6CB24FC4BCB001F238B /* Base */ = {isa = PBXFileReference; lastKnownFileType = file.storyboard; name = Base; path = Base.lproj/LaunchScreen.storyboard; sourceTree = "<group>"; };
		438FF6CD24FC4BCB001F238B /* Info.plist */ = {isa = PBXFileReference; lastKnownFileType = text.plist.xml; path = Info.plist; sourceTree = "<group>"; };
/* End PBXFileReference section */

/* Begin PBXFrameworksBuildPhase section */
		438FF6B624FC4BC2001F238B /* Frameworks */ = {
			isa = PBXFrameworksBuildPhase;
			buildActionMask = 2147483647;
			files = (
			);
			runOnlyForDeploymentPostprocessing = 0;
		};
/* End PBXFrameworksBuildPhase section */

/* Begin PBXGroup section */
		438FF6B024FC4BC1001F238B = {
			isa = PBXGroup;
			children = (
				438FF6BB24FC4BC2001F238B /* Reciplease */,
				438FF6D324FC53E9001F238B /* Project Files */,
				438FF6BA24FC4BC2001F238B /* Products */,
			);
			sourceTree = "<group>";
		};
		438FF6BA24FC4BC2001F238B /* Products */ = {
			isa = PBXGroup;
			children = (
				438FF6B924FC4BC2001F238B /* Reciplease.app */,
			);
			name = Products;
			sourceTree = "<group>";
		};
		438FF6BB24FC4BC2001F238B /* Reciplease */ = {
			isa = PBXGroup;
			children = (
				438FF6BC24FC4BC2001F238B /* AppDelegate.swift */,
				438FF6BE24FC4BC2001F238B /* SceneDelegate.swift */,
				438FF6C024FC4BC2001F238B /* SearchViewController.swift */,
				43879EE024FC72AC00DA5DC8 /* SettingService.swift */,
				438FF6C224FC4BC2001F238B /* Main.storyboard */,
				438FF6C824FC4BCB001F238B /* Assets.xcassets */,
				438FF6CA24FC4BCB001F238B /* LaunchScreen.storyboard */,
				438FF6CD24FC4BCB001F238B /* Info.plist */,
				438FF6C524FC4BC2001F238B /* Reciplease.xcdatamodeld */,
			);
			path = Reciplease;
			sourceTree = "<group>";
		};
		438FF6D324FC53E9001F238B /* Project Files */ = {
			isa = PBXGroup;
			children = (
			);
			path = "Project Files";
			sourceTree = "<group>";
		};
/* End PBXGroup section */

/* Begin PBXNativeTarget section */
		438FF6B824FC4BC2001F238B /* Reciplease */ = {
			isa = PBXNativeTarget;
			buildConfigurationList = 438FF6D024FC4BCB001F238B /* Build configuration list for PBXNativeTarget "Reciplease" */;
			buildPhases = (
				438FF6B524FC4BC2001F238B /* Sources */,
				438FF6B624FC4BC2001F238B /* Frameworks */,
				438FF6B724FC4BC2001F238B /* Resources */,
			);
			buildRules = (
			);
			dependencies = (
			);
			name = Reciplease;
			productName = Reciplease;
			productReference = 438FF6B924FC4BC2001F238B /* Reciplease.app */;
			productType = "com.apple.product-type.application";
		};
/* End PBXNativeTarget section */

/* Begin PBXProject section */
		438FF6B124FC4BC1001F238B /* Project object */ = {
			isa = PBXProject;
			attributes = {
				LastSwiftUpdateCheck = 1160;
				LastUpgradeCheck = 1160;
				ORGANIZATIONNAME = "Ludovic HENRY";
				TargetAttributes = {
					438FF6B824FC4BC2001F238B = {
						CreatedOnToolsVersion = 11.6;
					};
				};
			};
			buildConfigurationList = 438FF6B424FC4BC1001F238B /* Build configuration list for PBXProject "Reciplease" */;
			compatibilityVersion = "Xcode 9.3";
			developmentRegion = en;
			hasScannedForEncodings = 0;
			knownRegions = (
				en,
				Base,
			);
			mainGroup = 438FF6B024FC4BC1001F238B;
			productRefGroup = 438FF6BA24FC4BC2001F238B /* Products */;
			projectDirPath = "";
			projectRoot = "";
			targets = (
				438FF6B824FC4BC2001F238B /* Reciplease */,
			);
		};
/* End PBXProject section */

/* Begin PBXResourcesBuildPhase section */
		438FF6B724FC4BC2001F238B /* Resources */ = {
			isa = PBXResourcesBuildPhase;
			buildActionMask = 2147483647;
			files = (
				438FF6CC24FC4BCB001F238B /* LaunchScreen.storyboard in Resources */,
				438FF6C924FC4BCB001F238B /* Assets.xcassets in Resources */,
				438FF6C424FC4BC2001F238B /* Main.storyboard in Resources */,
			);
			runOnlyForDeploymentPostprocessing = 0;
		};
/* End PBXResourcesBuildPhase section */

/* Begin PBXSourcesBuildPhase section */
		438FF6B524FC4BC2001F238B /* Sources */ = {
			isa = PBXSourcesBuildPhase;
			buildActionMask = 2147483647;
			files = (
				438FF6C724FC4BC2001F238B /* Reciplease.xcdatamodeld in Sources */,
				438FF6C124FC4BC2001F238B /* SearchViewController.swift in Sources */,
				438FF6BD24FC4BC2001F238B /* AppDelegate.swift in Sources */,
				43879EE124FC72AC00DA5DC8 /* SettingService.swift in Sources */,
				438FF6BF24FC4BC2001F238B /* SceneDelegate.swift in Sources */,
			);
			runOnlyForDeploymentPostprocessing = 0;
		};
/* End PBXSourcesBuildPhase section */

/* Begin PBXVariantGroup section */
		438FF6C224FC4BC2001F238B /* Main.storyboard */ = {
			isa = PBXVariantGroup;
			children = (
				438FF6C324FC4BC2001F238B /* Base */,
			);
			name = Main.storyboard;
			sourceTree = "<group>";
		};
		438FF6CA24FC4BCB001F238B /* LaunchScreen.storyboard */ = {
			isa = PBXVariantGroup;
			children = (
				438FF6CB24FC4BCB001F238B /* Base */,
			);
			name = LaunchScreen.storyboard;
			sourceTree = "<group>";
		};
/* End PBXVariantGroup section */

/* Begin XCBuildConfiguration section */
		438FF6CE24FC4BCB001F238B /* Debug */ = {
			isa = XCBuildConfiguration;
			buildSettings = {
				ALWAYS_SEARCH_USER_PATHS = NO;
				CLANG_ANALYZER_NONNULL = YES;
				CLANG_ANALYZER_NUMBER_OBJECT_CONVERSION = YES_AGGRESSIVE;
				CLANG_CXX_LANGUAGE_STANDARD = "gnu++14";
				CLANG_CXX_LIBRARY = "libc++";
				CLANG_ENABLE_MODULES = YES;
				CLANG_ENABLE_OBJC_ARC = YES;
				CLANG_ENABLE_OBJC_WEAK = YES;
				CLANG_WARN_BLOCK_CAPTURE_AUTORELEASING = YES;
				CLANG_WARN_BOOL_CONVERSION = YES;
				CLANG_WARN_COMMA = YES;
				CLANG_WARN_CONSTANT_CONVERSION = YES;
				CLANG_WARN_DEPRECATED_OBJC_IMPLEMENTATIONS = YES;
				CLANG_WARN_DIRECT_OBJC_ISA_USAGE = YES_ERROR;
				CLANG_WARN_DOCUMENTATION_COMMENTS = YES;
				CLANG_WARN_EMPTY_BODY = YES;
				CLANG_WARN_ENUM_CONVERSION = YES;
				CLANG_WARN_INFINITE_RECURSION = YES;
				CLANG_WARN_INT_CONVERSION = YES;
				CLANG_WARN_NON_LITERAL_NULL_CONVERSION = YES;
				CLANG_WARN_OBJC_IMPLICIT_RETAIN_SELF = YES;
				CLANG_WARN_OBJC_LITERAL_CONVERSION = YES;
				CLANG_WARN_OBJC_ROOT_CLASS = YES_ERROR;
				CLANG_WARN_RANGE_LOOP_ANALYSIS = YES;
				CLANG_WARN_STRICT_PROTOTYPES = YES;
				CLANG_WARN_SUSPICIOUS_MOVE = YES;
				CLANG_WARN_UNGUARDED_AVAILABILITY = YES_AGGRESSIVE;
				CLANG_WARN_UNREACHABLE_CODE = YES;
				CLANG_WARN__DUPLICATE_METHOD_MATCH = YES;
				COPY_PHASE_STRIP = NO;
				DEBUG_INFORMATION_FORMAT = dwarf;
				ENABLE_STRICT_OBJC_MSGSEND = YES;
				ENABLE_TESTABILITY = YES;
				GCC_C_LANGUAGE_STANDARD = gnu11;
				GCC_DYNAMIC_NO_PIC = NO;
				GCC_NO_COMMON_BLOCKS = YES;
				GCC_OPTIMIZATION_LEVEL = 0;
				GCC_PREPROCESSOR_DEFINITIONS = (
					"DEBUG=1",
					"$(inherited)",
				);
				GCC_WARN_64_TO_32_BIT_CONVERSION = YES;
				GCC_WARN_ABOUT_RETURN_TYPE = YES_ERROR;
				GCC_WARN_UNDECLARED_SELECTOR = YES;
				GCC_WARN_UNINITIALIZED_AUTOS = YES_AGGRESSIVE;
				GCC_WARN_UNUSED_FUNCTION = YES;
				GCC_WARN_UNUSED_VARIABLE = YES;
				IPHONEOS_DEPLOYMENT_TARGET = 13.6;
				MTL_ENABLE_DEBUG_INFO = INCLUDE_SOURCE;
				MTL_FAST_MATH = YES;
				ONLY_ACTIVE_ARCH = YES;
				SDKROOT = iphoneos;
				SWIFT_ACTIVE_COMPILATION_CONDITIONS = DEBUG;
				SWIFT_OPTIMIZATION_LEVEL = "-Onone";
			};
			name = Debug;
		};
		438FF6CF24FC4BCB001F238B /* Release */ = {
			isa = XCBuildConfiguration;
			buildSettings = {
				ALWAYS_SEARCH_USER_PATHS = NO;
				CLANG_ANALYZER_NONNULL = YES;
				CLANG_ANALYZER_NUMBER_OBJECT_CONVERSION = YES_AGGRESSIVE;
				CLANG_CXX_LANGUAGE_STANDARD = "gnu++14";
				CLANG_CXX_LIBRARY = "libc++";
				CLANG_ENABLE_MODULES = YES;
				CLANG_ENABLE_OBJC_ARC = YES;
				CLANG_ENABLE_OBJC_WEAK = YES;
				CLANG_WARN_BLOCK_CAPTURE_AUTORELEASING = YES;
				CLANG_WARN_BOOL_CONVERSION = YES;
				CLANG_WARN_COMMA = YES;
				CLANG_WARN_CONSTANT_CONVERSION = YES;
				CLANG_WARN_DEPRECATED_OBJC_IMPLEMENTATIONS = YES;
				CLANG_WARN_DIRECT_OBJC_ISA_USAGE = YES_ERROR;
				CLANG_WARN_DOCUMENTATION_COMMENTS = YES;
				CLANG_WARN_EMPTY_BODY = YES;
				CLANG_WARN_ENUM_CONVERSION = YES;
				CLANG_WARN_INFINITE_RECURSION = YES;
				CLANG_WARN_INT_CONVERSION = YES;
				CLANG_WARN_NON_LITERAL_NULL_CONVERSION = YES;
				CLANG_WARN_OBJC_IMPLICIT_RETAIN_SELF = YES;
				CLANG_WARN_OBJC_LITERAL_CONVERSION = YES;
				CLANG_WARN_OBJC_ROOT_CLASS = YES_ERROR;
				CLANG_WARN_RANGE_LOOP_ANALYSIS = YES;
				CLANG_WARN_STRICT_PROTOTYPES = YES;
				CLANG_WARN_SUSPICIOUS_MOVE = YES;
				CLANG_WARN_UNGUARDED_AVAILABILITY = YES_AGGRESSIVE;
				CLANG_WARN_UNREACHABLE_CODE = YES;
				CLANG_WARN__DUPLICATE_METHOD_MATCH = YES;
				COPY_PHASE_STRIP = NO;
				DEBUG_INFORMATION_FORMAT = "dwarf-with-dsym";
				ENABLE_NS_ASSERTIONS = NO;
				ENABLE_STRICT_OBJC_MSGSEND = YES;
				GCC_C_LANGUAGE_STANDARD = gnu11;
				GCC_NO_COMMON_BLOCKS = YES;
				GCC_WARN_64_TO_32_BIT_CONVERSION = YES;
				GCC_WARN_ABOUT_RETURN_TYPE = YES_ERROR;
				GCC_WARN_UNDECLARED_SELECTOR = YES;
				GCC_WARN_UNINITIALIZED_AUTOS = YES_AGGRESSIVE;
				GCC_WARN_UNUSED_FUNCTION = YES;
				GCC_WARN_UNUSED_VARIABLE = YES;
				IPHONEOS_DEPLOYMENT_TARGET = 13.6;
				MTL_ENABLE_DEBUG_INFO = NO;
				MTL_FAST_MATH = YES;
				SDKROOT = iphoneos;
				SWIFT_COMPILATION_MODE = wholemodule;
				SWIFT_OPTIMIZATION_LEVEL = "-O";
				VALIDATE_PRODUCT = YES;
			};
			name = Release;
		};
		438FF6D124FC4BCB001F238B /* Debug */ = {
			isa = XCBuildConfiguration;
			buildSettings = {
				ASSETCATALOG_COMPILER_APPICON_NAME = AppIcon;
				CODE_SIGN_STYLE = Automatic;
				DEVELOPMENT_TEAM = W8A2PVHCN3;
				INFOPLIST_FILE = Reciplease/Info.plist;
				LD_RUNPATH_SEARCH_PATHS = (
					"$(inherited)",
					"@executable_path/Frameworks",
				);
				PRODUCT_BUNDLE_IDENTIFIER = com.ludovichenry.Reciplease;
				PRODUCT_NAME = "$(TARGET_NAME)";
				SWIFT_VERSION = 5.0;
				TARGETED_DEVICE_FAMILY = "1,2";
			};
			name = Debug;
		};
		438FF6D224FC4BCB001F238B /* Release */ = {
			isa = XCBuildConfiguration;
			buildSettings = {
				ASSETCATALOG_COMPILER_APPICON_NAME = AppIcon;
				CODE_SIGN_STYLE = Automatic;
				DEVELOPMENT_TEAM = W8A2PVHCN3;
				INFOPLIST_FILE = Reciplease/Info.plist;
				LD_RUNPATH_SEARCH_PATHS = (
					"$(inherited)",
					"@executable_path/Frameworks",
				);
				PRODUCT_BUNDLE_IDENTIFIER = com.ludovichenry.Reciplease;
				PRODUCT_NAME = "$(TARGET_NAME)";
				SWIFT_VERSION = 5.0;
				TARGETED_DEVICE_FAMILY = "1,2";
			};
			name = Release;
		};
/* End XCBuildConfiguration section */

/* Begin XCConfigurationList section */
		438FF6B424FC4BC1001F238B /* Build configuration list for PBXProject "Reciplease" */ = {
			isa = XCConfigurationList;
			buildConfigurations = (
				438FF6CE24FC4BCB001F238B /* Debug */,
				438FF6CF24FC4BCB001F238B /* Release */,
			);
			defaultConfigurationIsVisible = 0;
			defaultConfigurationName = Release;
		};
		438FF6D024FC4BCB001F238B /* Build configuration list for PBXNativeTarget "Reciplease" */ = {
			isa = XCConfigurationList;
			buildConfigurations = (
				438FF6D124FC4BCB001F238B /* Debug */,
				438FF6D224FC4BCB001F238B /* Release */,
			);
			defaultConfigurationIsVisible = 0;
			defaultConfigurationName = Release;
		};
/* End XCConfigurationList section */

/* Begin XCVersionGroup section */
		438FF6C524FC4BC2001F238B /* Reciplease.xcdatamodeld */ = {
			isa = XCVersionGroup;
			children = (
				438FF6C624FC4BC2001F238B /* Reciplease.xcdatamodel */,
			);
			currentVersion = 438FF6C624FC4BC2001F238B /* Reciplease.xcdatamodel */;
			path = Reciplease.xcdatamodeld;
			sourceTree = "<group>";
			versionGroupType = wrapper.xcdatamodel;
		};
/* End XCVersionGroup section */
	};
	rootObject = 438FF6B124FC4BC1001F238B /* Project object */;
}
